Microsoft Visual Studio Solution File, Format Version 12.00
# Visual Studio Version 17
VisualStudioVersion = 17.5.2.0
MinimumVisualStudioVersion = 10.0.40219.1
Project("{2150E333-8FDC-42A3-9474-1A3956D46DE8}") = "backend-csharp", "backend-csharp", "{9282804A-3298-B2C8-BADC-E5A863B1FAAF}"
EndProject
Project("{2150E333-8FDC-42A3-9474-1A3956D46DE8}") = "src", "src", "{510450BF-CB14-899E-BC85-D8138690D8AA}"
EndProject
Project("{FAE04EC0-301F-11D3-BF4B-00C04F79EFBC}") = "CoursesPlatform.Api", "backend-csharp\src\CoursesPlatform.Api\CoursesPlatform.Api.csproj", "{6580D5BF-5FC8-D83B-0EEA-29FBADC9C064}"
EndProject
Global
	GlobalSection(SolutionConfigurationPlatforms) = preSolution
		Debug|Any CPU = Debug|Any CPU
		Release|Any CPU = Release|Any CPU
	EndGlobalSection
	GlobalSection(ProjectConfigurationPlatforms) = postSolution
		{6580D5BF-5FC8-D83B-0EEA-29FBADC9C064}.Debug|Any CPU.ActiveCfg = Debug|Any CPU
		{6580D5BF-5FC8-D83B-0EEA-29FBADC9C064}.Debug|Any CPU.Build.0 = Debug|Any CPU
		{6580D5BF-5FC8-D83B-0EEA-29FBADC9C064}.Release|Any CPU.ActiveCfg = Release|Any CPU
		{6580D5BF-5FC8-D83B-0EEA-29FBADC9C064}.Release|Any CPU.Build.0 = Release|Any CPU
	EndGlobalSection
	GlobalSection(SolutionProperties) = preSolution
		HideSolutionNode = FALSE
	EndGlobalSection
	GlobalSection(NestedProjects) = preSolution
		{510450BF-CB14-899E-BC85-D8138690D8AA} = {9282804A-3298-B2C8-BADC-E5A863B1FAAF}
		{6580D5BF-5FC8-D83B-0EEA-29FBADC9C064} = {510450BF-CB14-899E-BC85-D8138690D8AA}
	EndGlobalSection
	GlobalSection(ExtensibilityGlobals) = postSolution
		SolutionGuid = {A03BF225-4DEC-4CD8-A9AB-C02957D49DA1}
	EndGlobalSection
EndGlobal
